
Microsoft Visual Studio Solution File, Format Version 12.00
# Visual Studio Version 17
VisualStudioVersion = 17.4.33403.182
MinimumVisualStudioVersion = 10.0.40219.1
Project("{9A19103F-16F7-4668-BE54-9A1E7A4F7556}") = "FlowChartSVG", "FlowChartSVG.csproj", "{59973CE7-E8B1-464B-8571-45CF1FFFFCE4}"
EndProject
Project("{FAE04EC0-301F-11D3-BF4B-00C04F79EFBC}") = "FlowChartSVGFacts", "..\FlowChartSVGFacts\FlowChartSVGFacts.csproj", "{F679304A-8343-4E3C-BEBA-1EA355640B43}"
EndProject
Global
	GlobalSection(SolutionConfigurationPlatforms) = preSolution
		Debug|Any CPU = Debug|Any CPU
		Release|Any CPU = Release|Any CPU
	EndGlobalSection
	GlobalSection(ProjectConfigurationPlatforms) = postSolution
		{59973CE7-E8B1-464B-8571-45CF1FFFFCE4}.Debug|Any CPU.ActiveCfg = Debug|Any CPU
		{59973CE7-E8B1-464B-8571-45CF1FFFFCE4}.Debug|Any CPU.Build.0 = Debug|Any CPU
		{59973CE7-E8B1-464B-8571-45CF1FFFFCE4}.Release|Any CPU.ActiveCfg = Release|Any CPU
		{59973CE7-E8B1-464B-8571-45CF1FFFFCE4}.Release|Any CPU.Build.0 = Release|Any CPU
		{F679304A-8343-4E3C-BEBA-1EA355640B43}.Debug|Any CPU.ActiveCfg = Debug|Any CPU
		{F679304A-8343-4E3C-BEBA-1EA355640B43}.Debug|Any CPU.Build.0 = Debug|Any CPU
		{F679304A-8343-4E3C-BEBA-1EA355640B43}.Release|Any CPU.ActiveCfg = Release|Any CPU
		{F679304A-8343-4E3C-BEBA-1EA355640B43}.Release|Any CPU.Build.0 = Release|Any CPU
	EndGlobalSection
	GlobalSection(SolutionProperties) = preSolution
		HideSolutionNode = FALSE
	EndGlobalSection
	GlobalSection(ExtensibilityGlobals) = postSolution
		SolutionGuid = {B06622AF-784F-4D79-93EA-4AF0FB6D8964}
	EndGlobalSection
EndGlobal
